// !$*UTF8*$!
{
	archiveVersion = 1;
	classes = {
	};
	objectVersion = 46;
	objects = {

/* Begin PBXBuildFile section */
		58D1E1491D231B5D0097BC65 /* AppDelegate.swift in Sources */ = {isa = PBXBuildFile; fileRef = 58D1E1481D231B5D0097BC65 /* AppDelegate.swift */; };
		58D1E14B1D231B5D0097BC65 /* ViewController.swift in Sources */ = {isa = PBXBuildFile; fileRef = 58D1E14A1D231B5D0097BC65 /* ViewController.swift */; };
		58D1E14E1D231B5D0097BC65 /* Main.storyboard in Resources */ = {isa = PBXBuildFile; fileRef = 58D1E14C1D231B5D0097BC65 /* Main.storyboard */; };
		58D1E1501D231B5D0097BC65 /* Assets.xcassets in Resources */ = {isa = PBXBuildFile; fileRef = 58D1E14F1D231B5D0097BC65 /* Assets.xcassets */; };
		58D1E1531D231B5D0097BC65 /* LaunchScreen.storyboard in Resources */ = {isa = PBXBuildFile; fileRef = 58D1E1511D231B5D0097BC65 /* LaunchScreen.storyboard */; };
		58D1E15B1D231C8C0097BC65 /* Social.framework in Frameworks */ = {isa = PBXBuildFile; fileRef = 58D1E15A1D231C8C0097BC65 /* Social.framework */; };
		58D1E15D1D231DF00097BC65 /* worldmap.jpg in Resources */ = {isa = PBXBuildFile; fileRef = 58D1E15C1D231DF00097BC65 /* worldmap.jpg */; };
/* End PBXBuildFile section */

/* Begin PBXFileReference section */
		58D1E1451D231B5C0097BC65 /* ShareViaFacebookAndTwitter.app */ = {isa = PBXFileReference; explicitFileType = wrapper.application; includeInIndex = 0; path = ShareViaFacebookAndTwitter.app; sourceTree = BUILT_PRODUCTS_DIR; };
		58D1E1481D231B5D0097BC65 /* AppDelegate.swift */ = {isa = PBXFileReference; lastKnownFileType = sourcecode.swift; path = AppDelegate.swift; sourceTree = "<group>"; };
		58D1E14A1D231B5D0097BC65 /* ViewController.swift */ = {isa = PBXFileReference; lastKnownFileType = sourcecode.swift; path = ViewController.swift; sourceTree = "<group>"; };
		58D1E14D1D231B5D0097BC65 /* Base */ = {isa = PBXFileReference; lastKnownFileType = file.storyboard; name = Base; path = Base.lproj/Main.storyboard; sourceTree = "<group>"; };
		58D1E14F1D231B5D0097BC65 /* Assets.xcassets */ = {isa = PBXFileReference; lastKnownFileType = folder.assetcatalog; path = Assets.xcassets; sourceTree = "<group>"; };
		58D1E1521D231B5D0097BC65 /* Base */ = {isa = PBXFileReference; lastKnownFileType = file.storyboard; name = Base; path = Base.lproj/LaunchScreen.storyboard; sourceTree = "<group>"; };
		58D1E1541D231B5D0097BC65 /* Info.plist */ = {isa = PBXFileReference; lastKnownFileType = text.plist.xml; path = Info.plist; sourceTree = "<group>"; };
		58D1E15A1D231C8C0097BC65 /* Social.framework */ = {isa = PBXFileReference; lastKnownFileType = wrapper.framework; name = Social.framework; path = System/Library/Frameworks/Social.framework; sourceTree = SDKROOT; };
		58D1E15C1D231DF00097BC65 /* worldmap.jpg */ = {isa = PBXFileReference; lastKnownFileType = image.jpeg; path = worldmap.jpg; sourceTree = "<group>"; };
/* End PBXFileReference section */

/* Begin PBXFrameworksBuildPhase section */
		58D1E1421D231B5C0097BC65 /* Frameworks */ = {
			isa = PBXFrameworksBuildPhase;
			buildActionMask = 2147483647;
			files = (
				58D1E15B1D231C8C0097BC65 /* Social.framework in Frameworks */,
			);
			runOnlyForDeploymentPostprocessing = 0;
		};
/* End PBXFrameworksBuildPhase section */

/* Begin PBXGroup section */
		58D1E13C1D231B5C0097BC65 = {
			isa = PBXGroup;
			children = (
				58D1E15A1D231C8C0097BC65 /* Social.framework */,
				58D1E1471D231B5D0097BC65 /* ShareViaFacebookAndTwitter */,
				58D1E1461D231B5C0097BC65 /* Products */,
			);
			sourceTree = "<group>";
		};
		58D1E1461D231B5C0097BC65 /* Products */ = {
			isa = PBXGroup;
			children = (
				58D1E1451D231B5C0097BC65 /* ShareViaFacebookAndTwitter.app */,
			);
			name = Products;
			sourceTree = "<group>";
		};
		58D1E1471D231B5D0097BC65 /* ShareViaFacebookAndTwitter */ = {
			isa = PBXGroup;
			children = (
				58D1E15C1D231DF00097BC65 /* worldmap.jpg */,
				58D1E1481D231B5D0097BC65 /* AppDelegate.swift */,
				58D1E14A1D231B5D0097BC65 /* ViewController.swift */,
				58D1E14C1D231B5D0097BC65 /* Main.storyboard */,
				58D1E14F1D231B5D0097BC65 /* Assets.xcassets */,
				58D1E1511D231B5D0097BC65 /* LaunchScreen.storyboard */,
				58D1E1541D231B5D0097BC65 /* Info.plist */,
			);
			path = ShareViaFacebookAndTwitter;
			sourceTree = "<group>";
		};
/* End PBXGroup section */

/* Begin PBXNativeTarget section */
		58D1E1441D231B5C0097BC65 /* ShareViaFacebookAndTwitter */ = {
			isa = PBXNativeTarget;
			buildConfigurationList = 58D1E1571D231B5D0097BC65 /* Build configuration list for PBXNativeTarget "ShareViaFacebookAndTwitter" */;
			buildPhases = (
				58D1E1411D231B5C0097BC65 /* Sources */,
				58D1E1421D231B5C0097BC65 /* Frameworks */,
				58D1E1431D231B5C0097BC65 /* Resources */,
			);
			buildRules = (
			);
			dependencies = (
			);
			name = ShareViaFacebookAndTwitter;
			productName = ShareViaFacebookAndTwitter;
			productReference = 58D1E1451D231B5C0097BC65 /* ShareViaFacebookAndTwitter.app */;
			productType = "com.apple.product-type.application";
		};
/* End PBXNativeTarget section */

/* Begin PBXProject section */
		58D1E13D1D231B5C0097BC65 /* Project object */ = {
			isa = PBXProject;
			attributes = {
				LastSwiftUpdateCheck = 0730;
				LastUpgradeCheck = 0730;
				ORGANIZATIONNAME = CWJ;
				TargetAttributes = {
					58D1E1441D231B5C0097BC65 = {
						CreatedOnToolsVersion = 7.3.1;
					};
				};
			};
			buildConfigurationList = 58D1E1401D231B5C0097BC65 /* Build configuration list for PBXProject "ShareViaFacebookAndTwitter" */;
			compatibilityVersion = "Xcode 3.2";
			developmentRegion = English;
			hasScannedForEncodings = 0;
			knownRegions = (
				en,
				Base,
			);
			mainGroup = 58D1E13C1D231B5C0097BC65;
			productRefGroup = 58D1E1461D231B5C0097BC65 /* Products */;
			projectDirPath = "";
			projectRoot = "";
			targets = (
				58D1E1441D231B5C0097BC65 /* ShareViaFacebookAndTwitter */,
			);
		};
/* End PBXProject section */

/* Begin PBXResourcesBuildPhase section */
		58D1E1431D231B5C0097BC65 /* Resources */ = {
			isa = PBXResourcesBuildPhase;
			buildActionMask = 2147483647;
			files = (
				58D1E1531D231B5D0097BC65 /* LaunchScreen.storyboard in Resources */,
				58D1E15D1D231DF00097BC65 /* worldmap.jpg in Resources */,
				58D1E1501D231B5D0097BC65 /* Assets.xcassets in Resources */,
				58D1E14E1D231B5D0097BC65 /* Main.storyboard in Resources */,
			);
			runOnlyForDeploymentPostprocessing = 0;
		};
/* End PBXResourcesBuildPhase section */

/* Begin PBXSourcesBuildPhase section */
		58D1E1411D231B5C0097BC65 /* Sources */ = {
			isa = PBXSourcesBuildPhase;
			buildActionMask = 2147483647;
			files = (
				58D1E14B1D231B5D0097BC65 /* ViewController.swift in Sources */,
				58D1E1491D231B5D0097BC65 /* AppDelegate.swift in Sources */,
			);
			runOnlyForDeploymentPostprocessing = 0;
		};
/* End PBXSourcesBuildPhase section */

/* Begin PBXVariantGroup section */
		58D1E14C1D231B5D0097BC65 /* Main.storyboard */ = {
			isa = PBXVariantGroup;
			children = (
				58D1E14D1D231B5D0097BC65 /* Base */,
			);
			name = Main.storyboard;
			sourceTree = "<group>";
		};
		58D1E1511D231B5D0097BC65 /* LaunchScreen.storyboard */ = {
			isa = PBXVariantGroup;
			children = (
				58D1E1521D231B5D0097BC65 /* Base */,
			);
			name = LaunchScreen.storyboard;
			sourceTree = "<group>";
		};
/* End PBXVariantGroup section */

/* Begin XCBuildConfiguration section */
		58D1E1551D231B5D0097BC65 /* Debug */ = {
			isa = XCBuildConfiguration;
			buildSettings = {
				ALWAYS_SEARCH_USER_PATHS = NO;
				CLANG_ANALYZER_NONNULL = YES;
				CLANG_CXX_LANGUAGE_STANDARD = "gnu++0x";
				CLANG_CXX_LIBRARY = "libc++";
				CLANG_ENABLE_MODULES = YES;
				CLANG_ENABLE_OBJC_ARC = YES;
				CLANG_WARN_BOOL_CONVERSION = YES;
				CLANG_WARN_CONSTANT_CONVERSION = YES;
				CLANG_WARN_DIRECT_OBJC_ISA_USAGE = YES_ERROR;
				CLANG_WARN_EMPTY_BODY = YES;
				CLANG_WARN_ENUM_CONVERSION = YES;
				CLANG_WARN_INT_CONVERSION = YES;
				CLANG_WARN_OBJC_ROOT_CLASS = YES_ERROR;
				CLANG_WARN_UNREACHABLE_CODE = YES;
				CLANG_WARN__DUPLICATE_METHOD_MATCH = YES;
				"CODE_SIGN_IDENTITY[sdk=iphoneos*]" = "iPhone Developer";
				COPY_PHASE_STRIP = NO;
				DEBUG_INFORMATION_FORMAT = dwarf;
				ENABLE_STRICT_OBJC_MSGSEND = YES;
				ENABLE_TESTABILITY = YES;
				GCC_C_LANGUAGE_STANDARD = gnu99;
				GCC_DYNAMIC_NO_PIC = NO;
				GCC_NO_COMMON_BLOCKS = YES;
				GCC_OPTIMIZATION_LEVEL = 0;
				GCC_PREPROCESSOR_DEFINITIONS = (
					"DEBUG=1",
					"$(inherited)",
				);
				GCC_WARN_64_TO_32_BIT_CONVERSION = YES;
				GCC_WARN_ABOUT_RETURN_TYPE = YES_ERROR;
				GCC_WARN_UNDECLARED_SELECTOR = YES;
				GCC_WARN_UNINITIALIZED_AUTOS = YES_AGGRESSIVE;
				GCC_WARN_UNUSED_FUNCTION = YES;
				GCC_WARN_UNUSED_VARIABLE = YES;
				IPHONEOS_DEPLOYMENT_TARGET = 9.3;
				MTL_ENABLE_DEBUG_INFO = YES;
				ONLY_ACTIVE_ARCH = YES;
				SDKROOT = iphoneos;
				SWIFT_OPTIMIZATION_LEVEL = "-Onone";
				TARGETED_DEVICE_FAMILY = "1,2";
			};
			name = Debug;
		};
		58D1E1561D231B5D0097BC65 /* Release */ = {
			isa = XCBuildConfiguration;
			buildSettings = {
				ALWAYS_SEARCH_USER_PATHS = NO;
				CLANG_ANALYZER_NONNULL = YES;
				CLANG_CXX_LANGUAGE_STANDARD = "gnu++0x";
				CLANG_CXX_LIBRARY = "libc++";
				CLANG_ENABLE_MODULES = YES;
				CLANG_ENABLE_OBJC_ARC = YES;
				CLANG_WARN_BOOL_CONVERSION = YES;
				CLANG_WARN_CONSTANT_CONVERSION = YES;
				CLANG_WARN_DIRECT_OBJC_ISA_USAGE = YES_ERROR;
				CLANG_WARN_EMPTY_BODY = YES;
				CLANG_WARN_ENUM_CONVERSION = YES;
				CLANG_WARN_INT_CONVERSION = YES;
				CLANG_WARN_OBJC_ROOT_CLASS = YES_ERROR;
				CLANG_WARN_UNREACHABLE_CODE = YES;
				CLANG_WARN__DUPLICATE_METHOD_MATCH = YES;
				"CODE_SIGN_IDENTITY[sdk=iphoneos*]" = "iPhone Developer";
				COPY_PHASE_STRIP = NO;
				DEBUG_INFORMATION_FORMAT = "dwarf-with-dsym";
				ENABLE_NS_ASSERTIONS = NO;
				ENABLE_STRICT_OBJC_MSGSEND = YES;
				GCC_C_LANGUAGE_STANDARD = gnu99;
				GCC_NO_COMMON_BLOCKS = YES;
				GCC_WARN_64_TO_32_BIT_CONVERSION = YES;
				GCC_WARN_ABOUT_RETURN_TYPE = YES_ERROR;
				GCC_WARN_UNDECLARED_SELECTOR = YES;
				GCC_WARN_UNINITIALIZED_AUTOS = YES_AGGRESSIVE;
				GCC_WARN_UNUSED_FUNCTION = YES;
				GCC_WARN_UNUSED_VARIABLE = YES;
				IPHONEOS_DEPLOYMENT_TARGET = 9.3;
				MTL_ENABLE_DEBUG_INFO = NO;
				SDKROOT = iphoneos;
				TARGETED_DEVICE_FAMILY = "1,2";
				VALIDATE_PRODUCT = YES;
			};
			name = Release;
		};
		58D1E1581D231B5D0097BC65 /* Debug */ = {
			isa = XCBuildConfiguration;
			buildSettings = {
				ASSETCATALOG_COMPILER_APPICON_NAME = AppIcon;
				INFOPLIST_FILE = ShareViaFacebookAndTwitter/Info.plist;
				LD_RUNPATH_SEARCH_PATHS = "$(inherited) @executable_path/Frameworks";
				PRODUCT_BUNDLE_IDENTIFIER = com.codewithjallohDev.ShareViaFacebookAndTwitter;
				PRODUCT_NAME = "$(TARGET_NAME)";
			};
			name = Debug;
		};
		58D1E1591D231B5D0097BC65 /* Release */ = {
			isa = XCBuildConfiguration;
			buildSettings = {
				ASSETCATALOG_COMPILER_APPICON_NAME = AppIcon;
				INFOPLIST_FILE = ShareViaFacebookAndTwitter/Info.plist;
				LD_RUNPATH_SEARCH_PATHS = "$(inherited) @executable_path/Frameworks";
				PRODUCT_BUNDLE_IDENTIFIER = com.codewithjallohDev.ShareViaFacebookAndTwitter;
				PRODUCT_NAME = "$(TARGET_NAME)";
			};
			name = Release;
		};
/* End XCBuildConfiguration section */

/* Begin XCConfigurationList section */
		58D1E1401D231B5C0097BC65 /* Build configuration list for PBXProject "ShareViaFacebookAndTwitter" */ = {
			isa = XCConfigurationList;
			buildConfigurations = (
				58D1E1551D231B5D0097BC65 /* Debug */,
				58D1E1561D231B5D0097BC65 /* Release */,
			);
			defaultConfigurationIsVisible = 0;
			defaultConfigurationName = Release;
		};
		58D1E1571D231B5D0097BC65 /* Build configuration list for PBXNativeTarget "ShareViaFacebookAndTwitter" */ = {
			isa = XCConfigurationList;
			buildConfigurations = (
				58D1E1581D231B5D0097BC65 /* Debug */,
				58D1E1591D231B5D0097BC65 /* Release */,
			);
			defaultConfigurationIsVisible = 0;
		};
/* End XCConfigurationList section */
	};
	rootObject = 58D1E13D1D231B5C0097BC65 /* Project object */;
}
